
Microsoft Visual Studio Solution File, Format Version 12.00
Project("{FAE04EC0-301F-11D3-BF4B-00C04F79EFBC}") = "decode_operator_password_PoC", "decode_operator_password_PoC\decode_operator_password_PoC.csproj", "{8B2D7697-12CD-4827-B960-F3FEFD75FA97}"
EndProject
Global
	GlobalSection(SolutionConfigurationPlatforms) = preSolution
		Debug|Any CPU = Debug|Any CPU
		Release|Any CPU = Release|Any CPU
	EndGlobalSection
	GlobalSection(ProjectConfigurationPlatforms) = postSolution
		{8B2D7697-12CD-4827-B960-F3FEFD75FA97}.Debug|Any CPU.ActiveCfg = Debug|Any CPU
		{8B2D7697-12CD-4827-B960-F3FEFD75FA97}.Debug|Any CPU.Build.0 = Debug|Any CPU
		{8B2D7697-12CD-4827-B960-F3FEFD75FA97}.Release|Any CPU.ActiveCfg = Release|Any CPU
		{8B2D7697-12CD-4827-B960-F3FEFD75FA97}.Release|Any CPU.Build.0 = Release|Any CPU
	EndGlobalSection
EndGlobal
